
Microsoft Visual Studio Solution File, Format Version 12.00
# Visual Studio Version 16
VisualStudioVersion = 16.0.30717.126
MinimumVisualStudioVersion = 10.0.40219.1
Project("{9A19103F-16F7-4668-BE54-9A1E7A4F7556}") = "ShopBridge", "ShopBridge\ShopBridge.csproj", "{8309BF85-6ABD-4408-959C-BA3C4CD319C2}"
EndProject
Project("{FAE04EC0-301F-11D3-BF4B-00C04F79EFBC}") = "ControllerTestCases", "UnitTest\ControllerTestCases.csproj", "{634DEF94-F0AA-4458-812C-86E3A7C03C9F}"
EndProject
Global
	GlobalSection(SolutionConfigurationPlatforms) = preSolution
		Debug|Any CPU = Debug|Any CPU
		Release|Any CPU = Release|Any CPU
	EndGlobalSection
	GlobalSection(ProjectConfigurationPlatforms) = postSolution
		{8309BF85-6ABD-4408-959C-BA3C4CD319C2}.Debug|Any CPU.ActiveCfg = Debug|Any CPU
		{8309BF85-6ABD-4408-959C-BA3C4CD319C2}.Debug|Any CPU.Build.0 = Debug|Any CPU
		{8309BF85-6ABD-4408-959C-BA3C4CD319C2}.Release|Any CPU.ActiveCfg = Release|Any CPU
		{8309BF85-6ABD-4408-959C-BA3C4CD319C2}.Release|Any CPU.Build.0 = Release|Any CPU
		{634DEF94-F0AA-4458-812C-86E3A7C03C9F}.Debug|Any CPU.ActiveCfg = Debug|Any CPU
		{634DEF94-F0AA-4458-812C-86E3A7C03C9F}.Debug|Any CPU.Build.0 = Debug|Any CPU
		{634DEF94-F0AA-4458-812C-86E3A7C03C9F}.Release|Any CPU.ActiveCfg = Release|Any CPU
		{634DEF94-F0AA-4458-812C-86E3A7C03C9F}.Release|Any CPU.Build.0 = Release|Any CPU
	EndGlobalSection
	GlobalSection(SolutionProperties) = preSolution
		HideSolutionNode = FALSE
	EndGlobalSection
	GlobalSection(ExtensibilityGlobals) = postSolution
		SolutionGuid = {B9DD49C3-85C8-4F05-9A14-91D39FE2D486}
	EndGlobalSection
EndGlobal
